# @generated by Move, please check-in and do not edit manually.

[move]
version = 3
manifest_digest = "BAE3C2549285936E99B3B9BE89C94F2CC6977C1DCD24F3975C9A3554C020288A"
deps_digest = "F8BBB0CCB2491CA29A3DF03D6F92277A4F3574266507ACD77214D37ECA3F3082"
dependencies = [
  { id = "Sui", name = "Sui" },
]

[[move.package]]
id = "MoveStdlib"
source = { git = "https://github.com/MystenLabs/sui.git", rev = "framework/testnet", subdir = "crates/sui-framework/packages/move-stdlib" }

[[move.package]]
id = "Sui"
source = { git = "https://github.com/MystenLabs/sui.git", rev = "framework/testnet", subdir = "crates/sui-framework/packages/sui-framework" }

dependencies = [
  { id = "MoveStdlib", name = "MoveStdlib" },
]

[move.toolchain-version]
compiler-version = "1.48.4"
edition = "2024.beta"
flavor = "sui"

[env]

[env.testnet]
chain-id = "4c78adac"
original-published-id = "0x41a69e2ef9f759dcd2d68135fd32169eddb4bd34a54b7ef194e7ba29a2505cf4"
latest-published-id = "0x41a69e2ef9f759dcd2d68135fd32169eddb4bd34a54b7ef194e7ba29a2505cf4"
published-version = "1"
